github.com/WJQSERVER-STUDIO/go-utils/iox v0.0.3 h1:Hc1O6D50U3URkdSzfQ/SgeUU750wUBCYhefdvAbE2Ck=
github.com/WJQSERVER-STUDIO/go-utils/iox v0.0.3/go.mod h1:nFQzepAwwdj5Hp5U+X19l4FVvsaOSBTW41BzfI/CkMA=
github.com/WJQSERVER-STUDIO/httpc v0.9.3 h1:wYZkz9f/+2WuDuzPlExebvnn0q6QeArM15Y51HJ5UUI=
github.com/WJQSERVER-STUDIO/httpc v0.9.3/go.mod h1:vtaDmN/8gN8Es1DJsGvvrFr8kErysJndu87i+KOWUHY=
github.com/clipperhouse/uax29/v2 v2.7.0 h1:+gs4oBZ2gPfVrKPthwbMzWZDaAFPGYK72F0NJv2v7Vk=
github.com/clipperhouse/uax29/v2 v2.7.0/go.mod h1:EFJ2TJMRUaplDxHKj1qAEhCtQPW2tJSwu5BF98AuoVM=
github.com/go-json-experiment/json v0.0.0-20260430182902-b6187a392ed4 h1:2WmHkJINIjgXXYDGik8d3oJvFA3DAwPy00csDJ3vo+o=
github.com/go-json-experiment/json v0.0.0-20260430182902-b6187a392ed4/go.mod h1:tphK2c80bpPhMOI4v6bIc2xWywPfbqi1Z06+RcrMkDg=
github.com/mattn/go-runewidth v0.0.21 h1:jJKAZiQH+2mIinzCJIaIG9Be1+0NR+5sz/lYEEjdM8w=
github.com/mattn/go-runewidth v0.0.21/go.mod h1:XBkDxAl56ILZc9knddidhrOlY5R/pDhgLpndooCuJAs=
github.com/valyala/bytebufferpool v1.0.0 h1:GqA5TC/0021Y/b9FG4Oi9Mr3q7XYx6KllzawFIhcdPw=
github.com/valyala/bytebufferpool v1.0.0/go.mod h1:6bBcMArwyJ5K/AmCkWv1jt77kVWyCJ6HpOuEn7z0Csc=
golang.org/x/net v0.53.0 h1:d+qAbo5L0orcWAr0a9JweQpjXF19LMXJE8Ey7hwOdUA=
golang.org/x/net v0.53.0/go.mod h1:JvMuJH7rrdiCfbeHoo3fCQU24Lf5JJwT9W3sJFulfgs=
golang.org/x/sys v0.43.0 h1:Rlag2XtaFTxp19wS8MXlJwTvoh8ArU6ezoyFsMyCTNI=
golang.org/x/sys v0.43.0/go.mod h1:4GL1E5IUh+htKOUEOaiffhrAeqysfVGipDYzABqnCmw=
golang.org/x/term v0.42.0 h1:UiKe+zDFmJobeJ5ggPwOshJIVt6/Ft0rcfrXZDLWAWY=
golang.org/x/term v0.42.0/go.mod h1:Dq/D+snpsbazcBG5+F9Q1n2rXV8Ma+71xEjTRufARgY=
